
Microsoft Visual Studio Solution File, Format Version 12.00
# Visual Studio Version 16
VisualStudioVersion = 16.0.30204.135
MinimumVisualStudioVersion = 10.0.40219.1
Project("{FAE04EC0-301F-11D3-BF4B-00C04F79EFBC}") = "Memini.Android", "Memini\Memini.Android\Memini.Android.csproj", "{FBC73AF8-AB4A-4EAB-A7EC-BA2BB2FA6679}"
EndProject
Project("{FAE04EC0-301F-11D3-BF4B-00C04F79EFBC}") = "Memini.iOS", "Memini\Memini.iOS\Memini.iOS.csproj", "{0B9DFE40-3150-489A-BE06-EEC176E7F573}"
EndProject
Project("{9A19103F-16F7-4668-BE54-9A1E7A4F7556}") = "Memini", "Memini\Memini\Memini.csproj", "{CE1E570B-6DAB-4663-A0FF-A0D0E152977D}"
EndProject
Project("{9A19103F-16F7-4668-BE54-9A1E7A4F7556}") = "Memini.Tests", "Memini.Tests\Memini.Tests.csproj", "{D0817BE3-0EE2-4FD2-98F2-994183092532}"
EndProject
Project("{9A19103F-16F7-4668-BE54-9A1E7A4F7556}") = "MeminiDictGenerator", "MeminiDictGenerator\MeminiDictGenerator.csproj", "{F631C425-FBDB-41B6-96BF-E65A909F66BF}"
EndProject
Global
	GlobalSection(SolutionConfigurationPlatforms) = preSolution
		Debug|Any CPU = Debug|Any CPU
		Debug|iPhone = Debug|iPhone
		Debug|iPhoneSimulator = Debug|iPhoneSimulator
		Release|Any CPU = Release|Any CPU
		Release|iPhone = Release|iPhone
		Release|iPhoneSimulator = Release|iPhoneSimulator
	EndGlobalSection
	GlobalSection(ProjectConfigurationPlatforms) = postSolution
		{FBC73AF8-AB4A-4EAB-A7EC-BA2BB2FA6679}.Debug|Any CPU.ActiveCfg = Debug|Any CPU
		{FBC73AF8-AB4A-4EAB-A7EC-BA2BB2FA6679}.Debug|Any CPU.Build.0 = Debug|Any CPU
		{FBC73AF8-AB4A-4EAB-A7EC-BA2BB2FA6679}.Debug|Any CPU.Deploy.0 = Debug|Any CPU
		{FBC73AF8-AB4A-4EAB-A7EC-BA2BB2FA6679}.Debug|iPhone.ActiveCfg = Debug|Any CPU
		{FBC73AF8-AB4A-4EAB-A7EC-BA2BB2FA6679}.Debug|iPhone.Build.0 = Debug|Any CPU
		{FBC73AF8-AB4A-4EAB-A7EC-BA2BB2FA6679}.Debug|iPhone.Deploy.0 = Debug|Any CPU
		{FBC73AF8-AB4A-4EAB-A7EC-BA2BB2FA6679}.Debug|iPhoneSimulator.ActiveCfg = Debug|Any CPU
		{FBC73AF8-AB4A-4EAB-A7EC-BA2BB2FA6679}.Debug|iPhoneSimulator.Build.0 = Debug|Any CPU
		{FBC73AF8-AB4A-4EAB-A7EC-BA2BB2FA6679}.Debug|iPhoneSimulator.Deploy.0 = Debug|Any CPU
		{FBC73AF8-AB4A-4EAB-A7EC-BA2BB2FA6679}.Release|Any CPU.ActiveCfg = Release|Any CPU
		{FBC73AF8-AB4A-4EAB-A7EC-BA2BB2FA6679}.Release|Any CPU.Build.0 = Release|Any CPU
		{FBC73AF8-AB4A-4EAB-A7EC-BA2BB2FA6679}.Release|Any CPU.Deploy.0 = Release|Any CPU
		{FBC73AF8-AB4A-4EAB-A7EC-BA2BB2FA6679}.Release|iPhone.ActiveCfg = Release|Any CPU
		{FBC73AF8-AB4A-4EAB-A7EC-BA2BB2FA6679}.Release|iPhone.Build.0 = Release|Any CPU
		{FBC73AF8-AB4A-4EAB-A7EC-BA2BB2FA6679}.Release|iPhone.Deploy.0 = Release|Any CPU
		{FBC73AF8-AB4A-4EAB-A7EC-BA2BB2FA6679}.Release|iPhoneSimulator.ActiveCfg = Release|Any CPU
		{FBC73AF8-AB4A-4EAB-A7EC-BA2BB2FA6679}.Release|iPhoneSimulator.Build.0 = Release|Any CPU
		{FBC73AF8-AB4A-4EAB-A7EC-BA2BB2FA6679}.Release|iPhoneSimulator.Deploy.0 = Release|Any CPU
		{0B9DFE40-3150-489A-BE06-EEC176E7F573}.Debug|Any CPU.ActiveCfg = Debug|iPhone
		{0B9DFE40-3150-489A-BE06-EEC176E7F573}.Debug|Any CPU.Build.0 = Debug|iPhone
		{0B9DFE40-3150-489A-BE06-EEC176E7F573}.Debug|Any CPU.Deploy.0 = Debug|iPhone
		{0B9DFE40-3150-489A-BE06-EEC176E7F573}.Debug|iPhone.ActiveCfg = Debug|iPhone
		{0B9DFE40-3150-489A-BE06-EEC176E7F573}.Debug|iPhone.Build.0 = Debug|iPhone
		{0B9DFE40-3150-489A-BE06-EEC176E7F573}.Debug|iPhone.Deploy.0 = Debug|iPhone
		{0B9DFE40-3150-489A-BE06-EEC176E7F573}.Debug|iPhoneSimulator.ActiveCfg = Debug|iPhoneSimulator
		{0B9DFE40-3150-489A-BE06-EEC176E7F573}.Debug|iPhoneSimulator.Build.0 = Debug|iPhoneSimulator
		{0B9DFE40-3150-489A-BE06-EEC176E7F573}.Debug|iPhoneSimulator.Deploy.0 = Debug|iPhoneSimulator
		{0B9DFE40-3150-489A-BE06-EEC176E7F573}.Release|Any CPU.ActiveCfg = Release|iPhone
		{0B9DFE40-3150-489A-BE06-EEC176E7F573}.Release|Any CPU.Build.0 = Release|iPhone
		{0B9DFE40-3150-489A-BE06-EEC176E7F573}.Release|Any CPU.Deploy.0 = Release|iPhone
		{0B9DFE40-3150-489A-BE06-EEC176E7F573}.Release|iPhone.ActiveCfg = Release|iPhone
		{0B9DFE40-3150-489A-BE06-EEC176E7F573}.Release|iPhone.Build.0 = Release|iPhone
		{0B9DFE40-3150-489A-BE06-EEC176E7F573}.Release|iPhone.Deploy.0 = Release|iPhone
		{0B9DFE40-3150-489A-BE06-EEC176E7F573}.Release|iPhoneSimulator.ActiveCfg = Release|iPhoneSimulator
		{0B9DFE40-3150-489A-BE06-EEC176E7F573}.Release|iPhoneSimulator.Build.0 = Release|iPhoneSimulator
		{0B9DFE40-3150-489A-BE06-EEC176E7F573}.Release|iPhoneSimulator.Deploy.0 = Release|iPhoneSimulator
		{CE1E570B-6DAB-4663-A0FF-A0D0E152977D}.Debug|Any CPU.ActiveCfg = Debug|Any CPU
		{CE1E570B-6DAB-4663-A0FF-A0D0E152977D}.Debug|Any CPU.Build.0 = Debug|Any CPU
		{CE1E570B-6DAB-4663-A0FF-A0D0E152977D}.Debug|Any CPU.Deploy.0 = Debug|Any CPU
		{CE1E570B-6DAB-4663-A0FF-A0D0E152977D}.Debug|iPhone.ActiveCfg = Debug|Any CPU
		{CE1E570B-6DAB-4663-A0FF-A0D0E152977D}.Debug|iPhone.Build.0 = Debug|Any CPU
		{CE1E570B-6DAB-4663-A0FF-A0D0E152977D}.Debug|iPhone.Deploy.0 = Debug|Any CPU
		{CE1E570B-6DAB-4663-A0FF-A0D0E152977D}.Debug|iPhoneSimulator.ActiveCfg = Debug|Any CPU
		{CE1E570B-6DAB-4663-A0FF-A0D0E152977D}.Debug|iPhoneSimulator.Build.0 = Debug|Any CPU
		{CE1E570B-6DAB-4663-A0FF-A0D0E152977D}.Debug|iPhoneSimulator.Deploy.0 = Debug|Any CPU
		{CE1E570B-6DAB-4663-A0FF-A0D0E152977D}.Release|Any CPU.ActiveCfg = Release|Any CPU
		{CE1E570B-6DAB-4663-A0FF-A0D0E152977D}.Release|Any CPU.Build.0 = Release|Any CPU
		{CE1E570B-6DAB-4663-A0FF-A0D0E152977D}.Release|Any CPU.Deploy.0 = Release|Any CPU
		{CE1E570B-6DAB-4663-A0FF-A0D0E152977D}.Release|iPhone.ActiveCfg = Release|Any CPU
		{CE1E570B-6DAB-4663-A0FF-A0D0E152977D}.Release|iPhone.Build.0 = Release|Any CPU
		{CE1E570B-6DAB-4663-A0FF-A0D0E152977D}.Release|iPhone.Deploy.0 = Release|Any CPU
		{CE1E570B-6DAB-4663-A0FF-A0D0E152977D}.Release|iPhoneSimulator.ActiveCfg = Release|Any CPU
		{CE1E570B-6DAB-4663-A0FF-A0D0E152977D}.Release|iPhoneSimulator.Build.0 = Release|Any CPU
		{CE1E570B-6DAB-4663-A0FF-A0D0E152977D}.Release|iPhoneSimulator.Deploy.0 = Release|Any CPU
		{D0817BE3-0EE2-4FD2-98F2-994183092532}.Debug|Any CPU.ActiveCfg = Debug|Any CPU
		{D0817BE3-0EE2-4FD2-98F2-994183092532}.Debug|Any CPU.Build.0 = Debug|Any CPU
		{D0817BE3-0EE2-4FD2-98F2-994183092532}.Debug|iPhone.ActiveCfg = Debug|Any CPU
		{D0817BE3-0EE2-4FD2-98F2-994183092532}.Debug|iPhone.Build.0 = Debug|Any CPU
		{D0817BE3-0EE2-4FD2-98F2-994183092532}.Debug|iPhoneSimulator.ActiveCfg = Debug|Any CPU
		{D0817BE3-0EE2-4FD2-98F2-994183092532}.Debug|iPhoneSimulator.Build.0 = Debug|Any CPU
		{D0817BE3-0EE2-4FD2-98F2-994183092532}.Release|Any CPU.ActiveCfg = Release|Any CPU
		{D0817BE3-0EE2-4FD2-98F2-994183092532}.Release|Any CPU.Build.0 = Release|Any CPU
		{D0817BE3-0EE2-4FD2-98F2-994183092532}.Release|iPhone.ActiveCfg = Release|Any CPU
		{D0817BE3-0EE2-4FD2-98F2-994183092532}.Release|iPhone.Build.0 = Release|Any CPU
		{D0817BE3-0EE2-4FD2-98F2-994183092532}.Release|iPhoneSimulator.ActiveCfg = Release|Any CPU
		{D0817BE3-0EE2-4FD2-98F2-994183092532}.Release|iPhoneSimulator.Build.0 = Release|Any CPU
		{F631C425-FBDB-41B6-96BF-E65A909F66BF}.Debug|Any CPU.ActiveCfg = Debug|Any CPU
		{F631C425-FBDB-41B6-96BF-E65A909F66BF}.Debug|Any CPU.Build.0 = Debug|Any CPU
		{F631C425-FBDB-41B6-96BF-E65A909F66BF}.Debug|iPhone.ActiveCfg = Debug|Any CPU
		{F631C425-FBDB-41B6-96BF-E65A909F66BF}.Debug|iPhone.Build.0 = Debug|Any CPU
		{F631C425-FBDB-41B6-96BF-E65A909F66BF}.Debug|iPhoneSimulator.ActiveCfg = Debug|Any CPU
		{F631C425-FBDB-41B6-96BF-E65A909F66BF}.Debug|iPhoneSimulator.Build.0 = Debug|Any CPU
		{F631C425-FBDB-41B6-96BF-E65A909F66BF}.Release|Any CPU.ActiveCfg = Release|Any CPU
		{F631C425-FBDB-41B6-96BF-E65A909F66BF}.Release|Any CPU.Build.0 = Release|Any CPU
		{F631C425-FBDB-41B6-96BF-E65A909F66BF}.Release|iPhone.ActiveCfg = Release|Any CPU
		{F631C425-FBDB-41B6-96BF-E65A909F66BF}.Release|iPhone.Build.0 = Release|Any CPU
		{F631C425-FBDB-41B6-96BF-E65A909F66BF}.Release|iPhoneSimulator.ActiveCfg = Release|Any CPU
		{F631C425-FBDB-41B6-96BF-E65A909F66BF}.Release|iPhoneSimulator.Build.0 = Release|Any CPU
	EndGlobalSection
	GlobalSection(SolutionProperties) = preSolution
		HideSolutionNode = FALSE
	EndGlobalSection
	GlobalSection(ExtensibilityGlobals) = postSolution
		SolutionGuid = {668F8912-650A-45D6-A638-36A60FF199D2}
	EndGlobalSection
EndGlobal
